[[package]]
name = "Shapely"
version = "1.8.4"
description = "Geometric objects, predicates, and operations"
category = "main"
optional = false
python-versions = ">=3.6"

[package.extras]
all = ["numpy", "pytest", "pytest-cov"]
test = ["pytest", "pytest-cov"]
vectorized = ["numpy"]

[metadata]
lock-version = "1.1"
python-versions = "^3.10"
content-hash = "654d98c59ed18db7803dccee02750eb53dee19b197ab26e3cd0d37b61c40acb8"

[metadata.files]
Shapely = [
    {file = "Shapely-1.8.4-cp310-cp310-macosx_10_9_universal2.whl", hash = "sha256:6702a5df484ca92bbd1494b5945dd7d6b8f6caab13ca9f6240e64034a114fa13"},
    {file = "Shapely-1.8.4-cp310-cp310-macosx_10_9_x86_64.whl", hash = "sha256:79da29fde8ad2ca791b324f2cc3e75093573f69488ade7b524f79d781b042699"},
    {file = "Shapely-1.8.4-cp310-cp310-macosx_11_0_arm64.whl", hash = "sha256:eac2d08c0a02dccffd7f836901ea1d1b0f8e7ff3878b2c7a45443f0a34e7f087"},
    {file = "Shapely-1.8.4-cp310-cp310-manylinux_2_12_x86_64.manylinux2010_x86_64.whl", hash = "sha256:007f0d51d045307dc3addd1c318d18f450c565c8ea96ea41304e020ca34d85b7"},
    {file = "Shapely-1.8.4-cp310-cp310-manylinux_2_17_aarch64.manylinux2014_aarch64.whl", hash = "sha256:04f416aa8ca9480b5cd74d2184fe43d4196a5941046661f7be27fe5c10f89ede"},
    {file = "Shapely-1.8.4-cp310-cp310-win32.whl", hash = "sha256:f6801a33897fb54ce39d5e841214192ecf95f4ddf8458d17e196a314fefe43bb"},
    {file = "Shapely-1.8.4-cp310-cp310-win_amd64.whl", hash = "sha256:e018163500109ab4c9ad51d018ba28abb1aed5b0451476859e189fbb00c46c7b"},
    {file = "Shapely-1.8.4-cp36-cp36m-macosx_10_9_x86_64.whl", hash = "sha256:687520cf1db1fac2970cca5eb2ea037c1862b2e6938a514f9f6106c9d4ac0445"},
    {file = "Shapely-1.8.4-cp36-cp36m-manylinux_2_12_i686.manylinux2010_i686.whl", hash = "sha256:471ce47f3b221731b3a8fb90c24dd5899140ca892bb78c5df49b340a73da5bd2"},
    {file = "Shapely-1.8.4-cp36-cp36m-manylinux_2_12_x86_64.manylinux2010_x86_64.whl", hash = "sha256:bb371511269d8320652b980edb044f9c45c87df12ecce00c4bb1d0662d53bdb4"},
    {file = "Shapely-1.8.4-cp36-cp36m-win32.whl", hash = "sha256:20157b20f32eac57a56b5ef5a5a0ffb5288e1554e0172bc9452d3de190965709"},
    {file = "Shapely-1.8.4-cp36-cp36m-win_amd64.whl", hash = "sha256:be731cf35cfd54091d62cd63a4c4d87a97db68c2224408ec6ef28c6333d74501"},
    {file = "Shapely-1.8.4-cp37-cp37m-macosx_10_9_x86_64.whl", hash = "sha256:95a864b83857de736499d171785b8e71df97e8cef62d4e36b34f057b5a4dc98c"},
    {file = "Shapely-1.8.4-cp37-cp37m-manylinux_2_12_i686.manylinux2010_i686.whl", hash = "sha256:4c10d55a2dfab648d9aeca1818f986e505f29be2763edd0910b50c76d73db085"},
    {file = "Shapely-1.8.4-cp37-cp37m-manylinux_2_12_x86_64.manylinux2010_x86_64.whl", hash = "sha256:a2cc137d525a2e54557df2f70f7b9d52749840e1d877cf500a8f7f0f77170552"},
    {file = "Shapely-1.8.4-cp37-cp37m-win32.whl", hash = "sha256:6c399712b98fef80ef53748a572b229788650b0af535e6d4c5a3168aabbc0013"},
    {file = "Shapely-1.8.4-cp37-cp37m-win_amd64.whl", hash = "sha256:4f14ea7f041412ff5b277d5424e76638921ba771c43b21b20706abc7900d5ce9"},
    {file = "Shapely-1.8.4-cp38-cp38-macosx_10_9_universal2.whl", hash = "sha256:1d431ac2bb75e7c59a75820719b2f0f494720d821cb68eeb2487812d1d7bc287"},
    {file = "Shapely-1.8.4-cp38-cp38-macosx_10_9_x86_64.whl", hash = "sha256:2a6e2fb40415cecf67dff1a13844d27a11c09604839b5cfbbb41b80cf97a625c"},
    {file = "Shapely-1.8.4-cp38-cp38-macosx_11_0_arm64.whl", hash = "sha256:1f071175777f87d9220c24e4576dcf972b14f93dffd05a1d72ee0555dfa2a799"},
    {file = "Shapely-1.8.4-cp38-cp38-manylinux_2_12_i686.manylinux2010_i686.whl", hash = "sha256:7855ac13c5a951bcef1f3834d1affeeacea42a4abd2c0f46b341229b350f2406"},
    {file = "Shapely-1.8.4-cp38-cp38-manylinux_2_12_x86_64.manylinux2010_x86_64.whl", hash = "sha256:d7a6fd1329f75e290b858e9faeef15ae76d7ea05a02648fe216fec3c3bed4eb0"},
    {file = "Shapely-1.8.4-cp38-cp38-manylinux_2_17_aarch64.manylinux2014_aarch64.whl", hash = "sha256:20c40085835fbd5b12566b9b0a6d718b0b6a4d308ff1fff5b19d7cf29f75cc77"},
    {file = "Shapely-1.8.4-cp38-cp38-win32.whl", hash = "sha256:41e1395bb3865e42ca3dec857669ed3ab90806925fce38c47d7f92bd4276f7cd"},
    {file = "Shapely-1.8.4-cp38-cp38-win_amd64.whl", hash = "sha256:34765b0495c6297adb95d7de8fc62790f8eaf8e7fb96260dd644cf11d37b3d21"},
    {file = "Shapely-1.8.4-cp39-cp39-macosx_10_9_universal2.whl", hash = "sha256:53d453f40e5b1265b8806ac7e5f3ce775b758e5c42c24239e3d8de6e861b7699"},
    {file = "Shapely-1.8.4-cp39-cp39-macosx_10_9_x86_64.whl", hash = "sha256:5f3bf1d985dc8367f480f68f07770f57a5fe54477e98237c6f328db79568f1e2"},
    {file = "Shapely-1.8.4-cp39-cp39-macosx_11_0_arm64.whl", hash = "sha256:033b9eaf50c9de4c87b0d1ffa532edcf7420b70a329c630431da50071be939d9"},
    {file = "Shapely-1.8.4-cp39-cp39-manylinux_2_12_i686.manylinux2010_i686.whl", hash = "sha256:b1756c28a48a61e5581720171a89d69ae303d5faffc58efef0dab498e16a50f1"},
    {file = "Shapely-1.8.4-cp39-cp39-manylinux_2_12_x86_64.manylinux2010_x86_64.whl", hash = "sha256:a352f00637dda1354c549b602d9dcc69a7048d5d64dcdaf3b5e702d0bf5faad2"},
    {file = "Shapely-1.8.4-cp39-cp39-manylinux_2_17_aarch64.manylinux2014_aarch64.whl", hash = "sha256:b70463ef505f509809b92ffb1202890a1236ce9f21666020de289fed911fdeaf"},
    {file = "Shapely-1.8.4-cp39-cp39-win32.whl", hash = "sha256:5b77a7fd5bbf051a640d25db85fc062d245ef03cd80081321b6b87213a8b0892"},
    {file = "Shapely-1.8.4-cp39-cp39-win_amd64.whl", hash = "sha256:5d629bcf68b45dfdfd85cc0dc37f5325d4ce9341b235f16969c1a76599476e84"},
    {file = "Shapely-1.8.4.tar.gz", hash = "sha256:a195e51caafa218291f2cbaa3fef69fd3353c93ec4b65b2a4722c4cf40c3198c"},
]
